
Microsoft Visual Studio Solution File, Format Version 12.00
# Visual Studio Version 17
VisualStudioVersion = 17.9.34728.123
MinimumVisualStudioVersion = 10.0.40219.1
Project("{9A19103F-16F7-4668-BE54-9A1E7A4F7556}") = "library-RESTful", "library-RESTful\library-RESTful.csproj", "{21E2793E-0D32-4B55-B42F-9F9D29B05C4F}"
EndProject
Project("{FAE04EC0-301F-11D3-BF4B-00C04F79EFBC}") = "library-RESTful.Tests", "library-RESTful.Tests\library-RESTful.Tests.csproj", "{BBBA4CCE-098B-4335-B927-6432D4057FDF}"
EndProject
Global
	GlobalSection(SolutionConfigurationPlatforms) = preSolution
		Debug|Any CPU = Debug|Any CPU
		Release|Any CPU = Release|Any CPU
	EndGlobalSection
	GlobalSection(ProjectConfigurationPlatforms) = postSolution
		{21E2793E-0D32-4B55-B42F-9F9D29B05C4F}.Debug|Any CPU.ActiveCfg = Debug|Any CPU
		{21E2793E-0D32-4B55-B42F-9F9D29B05C4F}.Debug|Any CPU.Build.0 = Debug|Any CPU
		{21E2793E-0D32-4B55-B42F-9F9D29B05C4F}.Release|Any CPU.ActiveCfg = Release|Any CPU
		{21E2793E-0D32-4B55-B42F-9F9D29B05C4F}.Release|Any CPU.Build.0 = Release|Any CPU
		{BBBA4CCE-098B-4335-B927-6432D4057FDF}.Debug|Any CPU.ActiveCfg = Debug|Any CPU
		{BBBA4CCE-098B-4335-B927-6432D4057FDF}.Debug|Any CPU.Build.0 = Debug|Any CPU
		{BBBA4CCE-098B-4335-B927-6432D4057FDF}.Release|Any CPU.ActiveCfg = Release|Any CPU
		{BBBA4CCE-098B-4335-B927-6432D4057FDF}.Release|Any CPU.Build.0 = Release|Any CPU
	EndGlobalSection
	GlobalSection(SolutionProperties) = preSolution
		HideSolutionNode = FALSE
	EndGlobalSection
	GlobalSection(ExtensibilityGlobals) = postSolution
		SolutionGuid = {7A41428C-35BF-4756-8B08-82A11053DB88}
	EndGlobalSection
EndGlobal
